[[package]]
name = "build_helper"
version = "0.9.1"
source = "git+https://github.com/sunblaze-optio/rust-sgx-sdk#424e7ba307a6668068f0364462b59221a756c1d6"
dependencies = [
 "filetime 0.1.15 (registry+https://github.com/rust-lang/crates.io-index)",
]

[[package]]
name = "cfg-if"
version = "0.1.2"
source = "registry+https://github.com/rust-lang/crates.io-index"

[[package]]
name = "embed_rust"
version = "0.1.0"
dependencies = [
 "sgx_tstd 0.9.1 (git+https://github.com/sunblaze-optio/rust-sgx-sdk)",
]

[[package]]
name = "filetime"
version = "0.1.15"
source = "registry+https://github.com/rust-lang/crates.io-index"
dependencies = [
 "cfg-if 0.1.2 (registry+https://github.com/rust-lang/crates.io-index)",
 "libc 0.2.36 (registry+https://github.com/rust-lang/crates.io-index)",
 "redox_syscall 0.1.37 (registry+https://github.com/rust-lang/crates.io-index)",
]

[[package]]
name = "libc"
version = "0.2.36"
source = "registry+https://github.com/rust-lang/crates.io-index"

[[package]]
name = "redox_syscall"
version = "0.1.37"
source = "registry+https://github.com/rust-lang/crates.io-index"

[[package]]
name = "sgx_alloc"
version = "0.9.1"
source = "git+https://github.com/sunblaze-optio/rust-sgx-sdk#424e7ba307a6668068f0364462b59221a756c1d6"
dependencies = [
 "sgx_trts 0.9.1 (git+https://github.com/sunblaze-optio/rust-sgx-sdk)",
 "sgx_types 0.9.1 (git+https://github.com/sunblaze-optio/rust-sgx-sdk)",
]

[[package]]
name = "sgx_tprotected_fs"
version = "0.9.1"
source = "git+https://github.com/sunblaze-optio/rust-sgx-sdk#424e7ba307a6668068f0364462b59221a756c1d6"
dependencies = [
 "sgx_trts 0.9.1 (git+https://github.com/sunblaze-optio/rust-sgx-sdk)",
 "sgx_types 0.9.1 (git+https://github.com/sunblaze-optio/rust-sgx-sdk)",
]

[[package]]
name = "sgx_trts"
version = "0.9.1"
source = "git+https://github.com/sunblaze-optio/rust-sgx-sdk#424e7ba307a6668068f0364462b59221a756c1d6"
dependencies = [
 "sgx_types 0.9.1 (git+https://github.com/sunblaze-optio/rust-sgx-sdk)",
]

[[package]]
name = "sgx_tstd"
version = "0.9.1"
source = "git+https://github.com/sunblaze-optio/rust-sgx-sdk#424e7ba307a6668068f0364462b59221a756c1d6"
dependencies = [
 "build_helper 0.9.1 (git+https://github.com/sunblaze-optio/rust-sgx-sdk)",
 "sgx_alloc 0.9.1 (git+https://github.com/sunblaze-optio/rust-sgx-sdk)",
 "sgx_tprotected_fs 0.9.1 (git+https://github.com/sunblaze-optio/rust-sgx-sdk)",
 "sgx_trts 0.9.1 (git+https://github.com/sunblaze-optio/rust-sgx-sdk)",
 "sgx_types 0.9.1 (git+https://github.com/sunblaze-optio/rust-sgx-sdk)",
]

[[package]]
name = "sgx_types"
version = "0.9.1"
source = "git+https://github.com/sunblaze-optio/rust-sgx-sdk#424e7ba307a6668068f0364462b59221a756c1d6"

[metadata]
"checksum build_helper 0.9.1 (git+https://github.com/sunblaze-optio/rust-sgx-sdk)" = "<none>"
"checksum cfg-if 0.1.2 (registry+https://github.com/rust-lang/crates.io-index)" = "d4c819a1287eb618df47cc647173c5c4c66ba19d888a6e50d605672aed3140de"
"checksum filetime 0.1.15 (registry+https://github.com/rust-lang/crates.io-index)" = "714653f3e34871534de23771ac7b26e999651a0a228f47beb324dfdf1dd4b10f"
"checksum libc 0.2.36 (registry+https://github.com/rust-lang/crates.io-index)" = "1e5d97d6708edaa407429faa671b942dc0f2727222fb6b6539bf1db936e4b121"
"checksum redox_syscall 0.1.37 (registry+https://github.com/rust-lang/crates.io-index)" = "0d92eecebad22b767915e4d529f89f28ee96dbbf5a4810d2b844373f136417fd"
"checksum sgx_alloc 0.9.1 (git+https://github.com/sunblaze-optio/rust-sgx-sdk)" = "<none>"
"checksum sgx_tprotected_fs 0.9.1 (git+https://github.com/sunblaze-optio/rust-sgx-sdk)" = "<none>"
"checksum sgx_trts 0.9.1 (git+https://github.com/sunblaze-optio/rust-sgx-sdk)" = "<none>"
"checksum sgx_tstd 0.9.1 (git+https://github.com/sunblaze-optio/rust-sgx-sdk)" = "<none>"
"checksum sgx_types 0.9.1 (git+https://github.com/sunblaze-optio/rust-sgx-sdk)" = "<none>"
